github.com/goccy/go-yaml v1.16.0 h1:d7m1G7A0t+logajVtklHfDYJs2Et9g3gHwdBNNFou0w=
github.com/goccy/go-yaml v1.16.0/go.mod h1:XBurs7gK8ATbW4ZPGKgcbrY1Br56PdM69F7LkFRi1kA=
github.com/mediaexchange-io/mx-assert v0.0.0-20250325011342-21f5fb7a684e h1:uz9GM9X8w5/MbEwmvKfolQt04r96COeFJbx9yvFw1z0=
github.com/mediaexchange-io/mx-assert v0.0.0-20250325011342-21f5fb7a684e/go.mod h1:LqK8cMTZIarnDx1U4477mK3r/LCipjTHhqY8fqgBqkY=
